
Microsoft Visual Studio Solution File, Format Version 12.00
# Visual Studio Version 17
VisualStudioVersion = 17.10.34916.146
MinimumVisualStudioVersion = 10.0.40219.1
Project("{8BC9CEB8-8B4A-11D0-8D11-00A0C91BC942}") = "process_gdal_build", "process_gdal_build\process_gdal_build.vcxproj", "{B8504411-972A-4D78-9430-4C14179C4F92}"
EndProject
Project("{8BC9CEB8-8B4A-11D0-8D11-00A0C91BC942}") = "process_gdal_toTMS", "process_gdal_toTMS\process_gdal_toTMS.vcxproj", "{D72CF688-2468-4733-824B-6B9C42EEEC27}"
EndProject
Project("{8BC9CEB8-8B4A-11D0-8D11-00A0C91BC942}") = "process_gdal_transform", "process_gdal_transform\process_gdal_transform.vcxproj", "{53C1763E-C728-454A-BEA2-F8E815981981}"
EndProject
Global
	GlobalSection(SolutionConfigurationPlatforms) = preSolution
		Debug|x64 = Debug|x64
		Release|x64 = Release|x64
	EndGlobalSection
	GlobalSection(ProjectConfigurationPlatforms) = postSolution
		{B8504411-972A-4D78-9430-4C14179C4F92}.Debug|x64.ActiveCfg = Debug|x64
		{B8504411-972A-4D78-9430-4C14179C4F92}.Debug|x64.Build.0 = Debug|x64
		{B8504411-972A-4D78-9430-4C14179C4F92}.Release|x64.ActiveCfg = Release|x64
		{B8504411-972A-4D78-9430-4C14179C4F92}.Release|x64.Build.0 = Release|x64
		{D72CF688-2468-4733-824B-6B9C42EEEC27}.Debug|x64.ActiveCfg = Debug|x64
		{D72CF688-2468-4733-824B-6B9C42EEEC27}.Debug|x64.Build.0 = Debug|x64
		{D72CF688-2468-4733-824B-6B9C42EEEC27}.Release|x64.ActiveCfg = Release|x64
		{D72CF688-2468-4733-824B-6B9C42EEEC27}.Release|x64.Build.0 = Release|x64
		{53C1763E-C728-454A-BEA2-F8E815981981}.Debug|x64.ActiveCfg = Debug|x64
		{53C1763E-C728-454A-BEA2-F8E815981981}.Debug|x64.Build.0 = Debug|x64
		{53C1763E-C728-454A-BEA2-F8E815981981}.Release|x64.ActiveCfg = Release|x64
		{53C1763E-C728-454A-BEA2-F8E815981981}.Release|x64.Build.0 = Release|x64
	EndGlobalSection
	GlobalSection(SolutionProperties) = preSolution
		HideSolutionNode = FALSE
	EndGlobalSection
	GlobalSection(ExtensibilityGlobals) = postSolution
		SolutionGuid = {BE696FCF-8248-4776-B446-D08ADB812F47}
	EndGlobalSection
EndGlobal
